
Microsoft Visual Studio Solution File, Format Version 12.00
# Visual Studio 15
VisualStudioVersion = 15.0.27703.2018
MinimumVisualStudioVersion = 10.0.40219.1
Project("{FAE04EC0-301F-11D3-BF4B-00C04F79EFBC}") = "MyEverNote.WebApp", "MyEverNote.WebApp\MyEverNote.WebApp.csproj", "{B4A4E1FD-DAED-454E-9299-7422F54A7065}"
EndProject
Project("{FAE04EC0-301F-11D3-BF4B-00C04F79EFBC}") = "MyEverNote.DataAccessLayer", "MyEverNote.DataAccessLayer\MyEverNote.DataAccessLayer.csproj", "{59403B12-9B3D-42A0-9BEF-A6238A06F5EE}"
EndProject
Project("{FAE04EC0-301F-11D3-BF4B-00C04F79EFBC}") = "MyEverNote.BusinessLayer", "MyEverNote.BusinessLayer\MyEverNote.BusinessLayer.csproj", "{BA402119-F6F8-4CC8-A45F-65AE972D2803}"
EndProject
Project("{FAE04EC0-301F-11D3-BF4B-00C04F79EFBC}") = "MyEverNote.Entities", "MyEverNote.Entities\MyEverNote.Entities.csproj", "{EF22E6CA-7D30-4303-BD57-445C3773EB88}"
EndProject
Project("{FAE04EC0-301F-11D3-BF4B-00C04F79EFBC}") = "MyEverNote.Common", "MyEverNote.Common\MyEverNote.Common.csproj", "{B5155466-1937-47AC-A526-6A6079D2A302}"
EndProject
Global
	GlobalSection(SolutionConfigurationPlatforms) = preSolution
		Debug|Any CPU = Debug|Any CPU
		Release|Any CPU = Release|Any CPU
	EndGlobalSection
	GlobalSection(ProjectConfigurationPlatforms) = postSolution
		{B4A4E1FD-DAED-454E-9299-7422F54A7065}.Debug|Any CPU.ActiveCfg = Debug|Any CPU
		{B4A4E1FD-DAED-454E-9299-7422F54A7065}.Debug|Any CPU.Build.0 = Debug|Any CPU
		{B4A4E1FD-DAED-454E-9299-7422F54A7065}.Release|Any CPU.ActiveCfg = Release|Any CPU
		{B4A4E1FD-DAED-454E-9299-7422F54A7065}.Release|Any CPU.Build.0 = Release|Any CPU
		{59403B12-9B3D-42A0-9BEF-A6238A06F5EE}.Debug|Any CPU.ActiveCfg = Debug|Any CPU
		{59403B12-9B3D-42A0-9BEF-A6238A06F5EE}.Debug|Any CPU.Build.0 = Debug|Any CPU
		{59403B12-9B3D-42A0-9BEF-A6238A06F5EE}.Release|Any CPU.ActiveCfg = Release|Any CPU
		{59403B12-9B3D-42A0-9BEF-A6238A06F5EE}.Release|Any CPU.Build.0 = Release|Any CPU
		{BA402119-F6F8-4CC8-A45F-65AE972D2803}.Debug|Any CPU.ActiveCfg = Debug|Any CPU
		{BA402119-F6F8-4CC8-A45F-65AE972D2803}.Debug|Any CPU.Build.0 = Debug|Any CPU
		{BA402119-F6F8-4CC8-A45F-65AE972D2803}.Release|Any CPU.ActiveCfg = Release|Any CPU
		{BA402119-F6F8-4CC8-A45F-65AE972D2803}.Release|Any CPU.Build.0 = Release|Any CPU
		{EF22E6CA-7D30-4303-BD57-445C3773EB88}.Debug|Any CPU.ActiveCfg = Debug|Any CPU
		{EF22E6CA-7D30-4303-BD57-445C3773EB88}.Debug|Any CPU.Build.0 = Debug|Any CPU
		{EF22E6CA-7D30-4303-BD57-445C3773EB88}.Release|Any CPU.ActiveCfg = Release|Any CPU
		{EF22E6CA-7D30-4303-BD57-445C3773EB88}.Release|Any CPU.Build.0 = Release|Any CPU
		{B5155466-1937-47AC-A526-6A6079D2A302}.Debug|Any CPU.ActiveCfg = Debug|Any CPU
		{B5155466-1937-47AC-A526-6A6079D2A302}.Debug|Any CPU.Build.0 = Debug|Any CPU
		{B5155466-1937-47AC-A526-6A6079D2A302}.Release|Any CPU.ActiveCfg = Release|Any CPU
		{B5155466-1937-47AC-A526-6A6079D2A302}.Release|Any CPU.Build.0 = Release|Any CPU
	EndGlobalSection
	GlobalSection(SolutionProperties) = preSolution
		HideSolutionNode = FALSE
	EndGlobalSection
	GlobalSection(ExtensibilityGlobals) = postSolution
		SolutionGuid = {93D288AA-BF4C-4755-95FC-B642A98D928B}
	EndGlobalSection
EndGlobal
